
Microsoft Visual Studio Solution File, Format Version 12.00
# Visual Studio Version 16
VisualStudioVersion = 16.0.29001.49
MinimumVisualStudioVersion = 10.0.40219.1
Project("{9A19103F-16F7-4668-BE54-9A1E7A4F7556}") = "MillerTuckerZemlinFormulation", "MillerTuckerZemlinFormulation\MillerTuckerZemlinFormulation.csproj", "{9DD9CEA7-F1FF-4849-AC2A-913F214DC795}"
EndProject
Project("{9A19103F-16F7-4668-BE54-9A1E7A4F7556}") = "CrossCutting", "CrossCutting\CrossCutting.csproj", "{8D0FC41F-8416-48B3-8F86-F16DEF30F5CD}"
EndProject
Project("{FAE04EC0-301F-11D3-BF4B-00C04F79EFBC}") = "DantzigFulkersonJohnsonFormulation", "DantzigFulkersonJohnsonFormulation\DantzigFulkersonJohnsonFormulation.csproj", "{46CF6380-9873-40F8-BE58-81D5E245AE68}"
EndProject
Global
	GlobalSection(SolutionConfigurationPlatforms) = preSolution
		Debug|Any CPU = Debug|Any CPU
		Release|Any CPU = Release|Any CPU
	EndGlobalSection
	GlobalSection(ProjectConfigurationPlatforms) = postSolution
		{9DD9CEA7-F1FF-4849-AC2A-913F214DC795}.Debug|Any CPU.ActiveCfg = Debug|Any CPU
		{9DD9CEA7-F1FF-4849-AC2A-913F214DC795}.Debug|Any CPU.Build.0 = Debug|Any CPU
		{9DD9CEA7-F1FF-4849-AC2A-913F214DC795}.Release|Any CPU.ActiveCfg = Release|Any CPU
		{9DD9CEA7-F1FF-4849-AC2A-913F214DC795}.Release|Any CPU.Build.0 = Release|Any CPU
		{8D0FC41F-8416-48B3-8F86-F16DEF30F5CD}.Debug|Any CPU.ActiveCfg = Debug|Any CPU
		{8D0FC41F-8416-48B3-8F86-F16DEF30F5CD}.Debug|Any CPU.Build.0 = Debug|Any CPU
		{8D0FC41F-8416-48B3-8F86-F16DEF30F5CD}.Release|Any CPU.ActiveCfg = Release|Any CPU
		{8D0FC41F-8416-48B3-8F86-F16DEF30F5CD}.Release|Any CPU.Build.0 = Release|Any CPU
		{46CF6380-9873-40F8-BE58-81D5E245AE68}.Debug|Any CPU.ActiveCfg = Debug|Any CPU
		{46CF6380-9873-40F8-BE58-81D5E245AE68}.Debug|Any CPU.Build.0 = Debug|Any CPU
		{46CF6380-9873-40F8-BE58-81D5E245AE68}.Release|Any CPU.ActiveCfg = Release|Any CPU
		{46CF6380-9873-40F8-BE58-81D5E245AE68}.Release|Any CPU.Build.0 = Release|Any CPU
	EndGlobalSection
	GlobalSection(SolutionProperties) = preSolution
		HideSolutionNode = FALSE
	EndGlobalSection
	GlobalSection(ExtensibilityGlobals) = postSolution
		SolutionGuid = {E1628970-925F-4551-A7FB-FE28F8F7CDDD}
	EndGlobalSection
EndGlobal
